
Microsoft Visual Studio Solution File, Format Version 12.00
# Visual Studio Version 16
VisualStudioVersion = 16.0.31402.337
MinimumVisualStudioVersion = 10.0.40219.1
Project("{9A19103F-16F7-4668-BE54-9A1E7A4F7556}") = "TelefonRehberi", "TelefonRehberi\TelefonRehberi.csproj", "{943069A1-4F42-43AF-A760-78E536B9477C}"
EndProject
Project("{9A19103F-16F7-4668-BE54-9A1E7A4F7556}") = "ToDoProject", "ToDoProject\ToDoProject.csproj", "{BCEADBEB-86C6-4A8A-8744-2B28F380A766}"
EndProject
Global
	GlobalSection(SolutionConfigurationPlatforms) = preSolution
		Debug|Any CPU = Debug|Any CPU
		Release|Any CPU = Release|Any CPU
	EndGlobalSection
	GlobalSection(ProjectConfigurationPlatforms) = postSolution
		{943069A1-4F42-43AF-A760-78E536B9477C}.Debug|Any CPU.ActiveCfg = Debug|Any CPU
		{943069A1-4F42-43AF-A760-78E536B9477C}.Debug|Any CPU.Build.0 = Debug|Any CPU
		{943069A1-4F42-43AF-A760-78E536B9477C}.Release|Any CPU.ActiveCfg = Release|Any CPU
		{943069A1-4F42-43AF-A760-78E536B9477C}.Release|Any CPU.Build.0 = Release|Any CPU
		{BCEADBEB-86C6-4A8A-8744-2B28F380A766}.Debug|Any CPU.ActiveCfg = Debug|Any CPU
		{BCEADBEB-86C6-4A8A-8744-2B28F380A766}.Debug|Any CPU.Build.0 = Debug|Any CPU
		{BCEADBEB-86C6-4A8A-8744-2B28F380A766}.Release|Any CPU.ActiveCfg = Release|Any CPU
		{BCEADBEB-86C6-4A8A-8744-2B28F380A766}.Release|Any CPU.Build.0 = Release|Any CPU
	EndGlobalSection
	GlobalSection(SolutionProperties) = preSolution
		HideSolutionNode = FALSE
	EndGlobalSection
	GlobalSection(ExtensibilityGlobals) = postSolution
		SolutionGuid = {B52949EB-0D20-4F6E-B9F6-3B58E57ECCFD}
	EndGlobalSection
EndGlobal
